
Microsoft Visual Studio Solution File, Format Version 12.00
# Visual Studio Version 16
VisualStudioVersion = 16.0.30503.244
MinimumVisualStudioVersion = 10.0.40219.1
Project("{FAE04EC0-301F-11D3-BF4B-00C04F79EFBC}") = "local_chat", "local_chat.csproj", "{3BC6C97F-CDC2-4A38-81CD-CBF32FF31D67}"
EndProject
Global
	GlobalSection(SolutionConfigurationPlatforms) = preSolution
		Debug|Any CPU = Debug|Any CPU
		Release|Any CPU = Release|Any CPU
	EndGlobalSection
	GlobalSection(ProjectConfigurationPlatforms) = postSolution
		{3BC6C97F-CDC2-4A38-81CD-CBF32FF31D67}.Debug|Any CPU.ActiveCfg = Debug|Any CPU
		{3BC6C97F-CDC2-4A38-81CD-CBF32FF31D67}.Debug|Any CPU.Build.0 = Debug|Any CPU
		{3BC6C97F-CDC2-4A38-81CD-CBF32FF31D67}.Release|Any CPU.ActiveCfg = Release|Any CPU
		{3BC6C97F-CDC2-4A38-81CD-CBF32FF31D67}.Release|Any CPU.Build.0 = Release|Any CPU
	EndGlobalSection
	GlobalSection(SolutionProperties) = preSolution
		HideSolutionNode = FALSE
	EndGlobalSection
	GlobalSection(ExtensibilityGlobals) = postSolution
		SolutionGuid = {7F81D956-3267-4F7F-A0DC-86D1230AEDBB}
	EndGlobalSection
EndGlobal
